
Microsoft Visual Studio Solution File, Format Version 12.00
# Visual Studio 15
VisualStudioVersion = 15.0.33529.398
MinimumVisualStudioVersion = 10.0.40219.1
Project("{FAE04EC0-301F-11D3-BF4B-00C04F79EFBC}") = "proyectopruebarepositorio", "proyectopruebarepositorio\proyectopruebarepositorio.csproj", "{AF93404E-A589-4C93-9195-C34207F73DF4}"
EndProject
Global
	GlobalSection(SolutionConfigurationPlatforms) = preSolution
		Debug|Any CPU = Debug|Any CPU
		Release|Any CPU = Release|Any CPU
	EndGlobalSection
	GlobalSection(ProjectConfigurationPlatforms) = postSolution
		{AF93404E-A589-4C93-9195-C34207F73DF4}.Debug|Any CPU.ActiveCfg = Debug|Any CPU
		{AF93404E-A589-4C93-9195-C34207F73DF4}.Debug|Any CPU.Build.0 = Debug|Any CPU
		{AF93404E-A589-4C93-9195-C34207F73DF4}.Release|Any CPU.ActiveCfg = Release|Any CPU
		{AF93404E-A589-4C93-9195-C34207F73DF4}.Release|Any CPU.Build.0 = Release|Any CPU
	EndGlobalSection
	GlobalSection(SolutionProperties) = preSolution
		HideSolutionNode = FALSE
	EndGlobalSection
	GlobalSection(ExtensibilityGlobals) = postSolution
		SolutionGuid = {4A962E2A-7664-41D8-8D47-464AC9843B2F}
	EndGlobalSection
EndGlobal
